
Microsoft Visual Studio Solution File, Format Version 12.00
# Visual Studio Version 16
VisualStudioVersion = 16.0.33927.289
MinimumVisualStudioVersion = 10.0.40219.1
Project("{FAE04EC0-301F-11D3-BF4B-00C04F79EFBC}") = "Pokemon", "Pokemon\Pokemon.csproj", "{31F090B2-5DAE-41C3-A8D7-0711B297FA10}"
EndProject
Global
	GlobalSection(SolutionConfigurationPlatforms) = preSolution
		Debug|Any CPU = Debug|Any CPU
		Release|Any CPU = Release|Any CPU
	EndGlobalSection
	GlobalSection(ProjectConfigurationPlatforms) = postSolution
		{31F090B2-5DAE-41C3-A8D7-0711B297FA10}.Debug|Any CPU.ActiveCfg = Debug|Any CPU
		{31F090B2-5DAE-41C3-A8D7-0711B297FA10}.Debug|Any CPU.Build.0 = Debug|Any CPU
		{31F090B2-5DAE-41C3-A8D7-0711B297FA10}.Release|Any CPU.ActiveCfg = Release|Any CPU
		{31F090B2-5DAE-41C3-A8D7-0711B297FA10}.Release|Any CPU.Build.0 = Release|Any CPU
	EndGlobalSection
	GlobalSection(SolutionProperties) = preSolution
		HideSolutionNode = FALSE
	EndGlobalSection
	GlobalSection(ExtensibilityGlobals) = postSolution
		SolutionGuid = {2C2F2565-F38C-4F0B-8C94-2ACD562C1486}
	EndGlobalSection
EndGlobal
